schema: '2.0'
stages:
  train:
    cmd: python train.py
    deps:
    - path: data
      md5: ab3353d41bd7a24a20a31f29b64e3b3c.dir
      size: 66544770
      nfiles: 8
    - path: train.py
      md5: f431663d7fcb783a887b89e34b305018
      size: 5681
    params:
      params.yaml:
        epochs: 15
        lr: 0.001
        weight_decay: 0
    outs:
    - path: hist.csv
      md5: 0cbe67e4e3a06d72389a27ce2b9bb8af
      size: 74
    - path: model.pt
      md5: e525eafd9d7611b6e21e36888f8bc845
      size: 439383
    - path: training/metrics.json
      md5: fd62fc775676382bcd51a6d1fb0a2195
      size: 186
    - path: training/plots
      md5: 42c043d3e7280b3c48c573a104975892.dir
      size: 641809
      nfiles: 6
