schema: '2.0'
stages:
  train:
    cmd: python train.py
    deps:
    - path: data
      md5: ab3353d41bd7a24a20a31f29b64e3b3c.dir
      size: 66544770
      nfiles: 8
    - path: train.py
      md5: f431663d7fcb783a887b89e34b305018
      size: 5681
    params:
      params.yaml:
        epochs: 15
        lr: 0.005
        weight_decay: 0.05
    outs:
    - path: hist.csv
      md5: 24caf425e5a47bb8cdc1955fef2376ef
      size: 63
    - path: model.pt
      md5: 396e66f403fa801a7d641d873a85f202
      size: 439383
    - path: training/metrics.json
      md5: 9428763dd20e7b4419c43c8e5df39db1
      size: 177
    - path: training/plots
      md5: 7b115f40b9e0fbca0ab5371f3944399c.dir
      size: 633221
      nfiles: 6
