schema: '2.0'
stages:
  train:
    cmd: python train.py
    deps:
    - path: data
      md5: ab3353d41bd7a24a20a31f29b64e3b3c.dir
      size: 66544770
      nfiles: 8
    - path: train.py
      md5: f431663d7fcb783a887b89e34b305018
      size: 5681
    params:
      params.yaml:
        epochs: 15
        lr: 0.003
        weight_decay: 0.05
    outs:
    - path: hist.csv
      md5: f99efc3de1486b49b2596b497f3ff0d6
      size: 67
    - path: model.pt
      md5: 92a5aabde30ae0496732a3622fea86ba
      size: 439383
    - path: training/metrics.json
      md5: 5e7b92e598ccc79bbc5b4525ec8c0490
      size: 187
    - path: training/plots
      md5: 244fbcfcfda0d11358e7a6b12caacce5.dir
      size: 635493
      nfiles: 6
